
Microsoft Visual Studio Solution File, Format Version 12.00
# Visual Studio 15
VisualStudioVersion = 15.0.28307.136
MinimumVisualStudioVersion = 10.0.40219.1
Project("{FAE04EC0-301F-11D3-BF4B-00C04F79EFBC}") = "Sample_FunctionApp", "Sample_FunctionApp\Sample_FunctionApp.csproj", "{C37A63C1-2D40-44B0-9807-EB4EA1C679BE}"
EndProject
Global
	GlobalSection(SolutionConfigurationPlatforms) = preSolution
		Debug|Any CPU = Debug|Any CPU
		Release|Any CPU = Release|Any CPU
	EndGlobalSection
	GlobalSection(ProjectConfigurationPlatforms) = postSolution
		{C37A63C1-2D40-44B0-9807-EB4EA1C679BE}.Debug|Any CPU.ActiveCfg = Debug|Any CPU
		{C37A63C1-2D40-44B0-9807-EB4EA1C679BE}.Debug|Any CPU.Build.0 = Debug|Any CPU
		{C37A63C1-2D40-44B0-9807-EB4EA1C679BE}.Release|Any CPU.ActiveCfg = Release|Any CPU
		{C37A63C1-2D40-44B0-9807-EB4EA1C679BE}.Release|Any CPU.Build.0 = Release|Any CPU
	EndGlobalSection
	GlobalSection(SolutionProperties) = preSolution
		HideSolutionNode = FALSE
	EndGlobalSection
	GlobalSection(ExtensibilityGlobals) = postSolution
		SolutionGuid = {AFFA2B5A-E628-4F49-9208-91D90A96F722}
	EndGlobalSection
EndGlobal
